// !$*UTF8*$!
{
	archiveVersion = 1;
	classes = {
	};
	objectVersion = 52;
	objects = {

/* Begin PBXBuildFile section */
		1B755AA623A3E1B900432411 /* MapKit+extension.swift in Sources */ = {isa = PBXBuildFile; fileRef = 1B755AA523A3E1B900432411 /* MapKit+extension.swift */; };
		1BD51AAC2396CFC90066D5BB /* AppDelegate.swift in Sources */ = {isa = PBXBuildFile; fileRef = 1BD51AAB2396CFC90066D5BB /* AppDelegate.swift */; };
		1BD51AAE2396CFC90066D5BB /* SceneDelegate.swift in Sources */ = {isa = PBXBuildFile; fileRef = 1BD51AAD2396CFC90066D5BB /* SceneDelegate.swift */; };
		1BD51AB02396CFC90066D5BB /* ContentView.swift in Sources */ = {isa = PBXBuildFile; fileRef = 1BD51AAF2396CFC90066D5BB /* ContentView.swift */; };
		1BD51AB22396CFD60066D5BB /* Assets.xcassets in Resources */ = {isa = PBXBuildFile; fileRef = 1BD51AB12396CFD60066D5BB /* Assets.xcassets */; };
		1BD51AB52396CFD60066D5BB /* Preview Assets.xcassets in Resources */ = {isa = PBXBuildFile; fileRef = 1BD51AB42396CFD60066D5BB /* Preview Assets.xcassets */; };
		1BD51AB82396CFD60066D5BB /* LaunchScreen.storyboard in Resources */ = {isa = PBXBuildFile; fileRef = 1BD51AB62396CFD60066D5BB /* LaunchScreen.storyboard */; };
		1BD51AC12396E06F0066D5BB /* MainViewController.swift in Sources */ = {isa = PBXBuildFile; fileRef = 1BD51AC02396E06F0066D5BB /* MainViewController.swift */; };
		1BD51AC42396E2CA0066D5BB /* LBTATools in Frameworks */ = {isa = PBXBuildFile; productRef = 1BD51AC32396E2CA0066D5BB /* LBTATools */; };
		1BD51AC6239D73130066D5BB /* LocationCarouselController.swift in Sources */ = {isa = PBXBuildFile; fileRef = 1BD51AC5239D73130066D5BB /* LocationCarouselController.swift */; };
/* End PBXBuildFile section */

/* Begin PBXFileReference section */
		1B755AA523A3E1B900432411 /* MapKit+extension.swift */ = {isa = PBXFileReference; lastKnownFileType = sourcecode.swift; path = "MapKit+extension.swift"; sourceTree = "<group>"; };
		1BD51AA82396CFC90066D5BB /* GymateTest.app */ = {isa = PBXFileReference; explicitFileType = wrapper.application; includeInIndex = 0; path = GymateTest.app; sourceTree = BUILT_PRODUCTS_DIR; };
		1BD51AAB2396CFC90066D5BB /* AppDelegate.swift */ = {isa = PBXFileReference; lastKnownFileType = sourcecode.swift; path = AppDelegate.swift; sourceTree = "<group>"; };
		1BD51AAD2396CFC90066D5BB /* SceneDelegate.swift */ = {isa = PBXFileReference; lastKnownFileType = sourcecode.swift; path = SceneDelegate.swift; sourceTree = "<group>"; };
		1BD51AAF2396CFC90066D5BB /* ContentView.swift */ = {isa = PBXFileReference; lastKnownFileType = sourcecode.swift; path = ContentView.swift; sourceTree = "<group>"; };
		1BD51AB12396CFD60066D5BB /* Assets.xcassets */ = {isa = PBXFileReference; lastKnownFileType = folder.assetcatalog; path = Assets.xcassets; sourceTree = "<group>"; };
		1BD51AB42396CFD60066D5BB /* Preview Assets.xcassets */ = {isa = PBXFileReference; lastKnownFileType = folder.assetcatalog; path = "Preview Assets.xcassets"; sourceTree = "<group>"; };
		1BD51AB72396CFD60066D5BB /* Base */ = {isa = PBXFileReference; lastKnownFileType = file.storyboard; name = Base; path = Base.lproj/LaunchScreen.storyboard; sourceTree = "<group>"; };
		1BD51AB92396CFD60066D5BB /* Info.plist */ = {isa = PBXFileReference; lastKnownFileType = text.plist.xml; path = Info.plist; sourceTree = "<group>"; };
		1BD51AC02396E06F0066D5BB /* MainViewController.swift */ = {isa = PBXFileReference; lastKnownFileType = sourcecode.swift; path = MainViewController.swift; sourceTree = "<group>"; };
		1BD51AC5239D73130066D5BB /* LocationCarouselController.swift */ = {isa = PBXFileReference; lastKnownFileType = sourcecode.swift; path = LocationCarouselController.swift; sourceTree = "<group>"; };
/* End PBXFileReference section */

/* Begin PBXFrameworksBuildPhase section */
		1BD51AA52396CFC90066D5BB /* Frameworks */ = {
			isa = PBXFrameworksBuildPhase;
			buildActionMask = 2147483647;
			files = (
				1BD51AC42396E2CA0066D5BB /* LBTATools in Frameworks */,
			);
			runOnlyForDeploymentPostprocessing = 0;
		};
/* End PBXFrameworksBuildPhase section */

/* Begin PBXGroup section */
		1BD51A9F2396CFC90066D5BB = {
			isa = PBXGroup;
			children = (
				1BD51AAA2396CFC90066D5BB /* GymateTest */,
				1BD51AA92396CFC90066D5BB /* Products */,
			);
			sourceTree = "<group>";
		};
		1BD51AA92396CFC90066D5BB /* Products */ = {
			isa = PBXGroup;
			children = (
				1BD51AA82396CFC90066D5BB /* GymateTest.app */,
			);
			name = Products;
			sourceTree = "<group>";
		};
		1BD51AAA2396CFC90066D5BB /* GymateTest */ = {
			isa = PBXGroup;
			children = (
				1BD51ABF2396E0450066D5BB /* Main */,
				1BD51AAB2396CFC90066D5BB /* AppDelegate.swift */,
				1BD51AAD2396CFC90066D5BB /* SceneDelegate.swift */,
				1BD51AAF2396CFC90066D5BB /* ContentView.swift */,
				1BD51AB12396CFD60066D5BB /* Assets.xcassets */,
				1BD51AB62396CFD60066D5BB /* LaunchScreen.storyboard */,
				1BD51AB92396CFD60066D5BB /* Info.plist */,
				1BD51AB32396CFD60066D5BB /* Preview Content */,
			);
			path = GymateTest;
			sourceTree = "<group>";
		};
		1BD51AB32396CFD60066D5BB /* Preview Content */ = {
			isa = PBXGroup;
			children = (
				1BD51AB42396CFD60066D5BB /* Preview Assets.xcassets */,
			);
			path = "Preview Content";
			sourceTree = "<group>";
		};
		1BD51ABF2396E0450066D5BB /* Main */ = {
			isa = PBXGroup;
			children = (
				1BD51AC02396E06F0066D5BB /* MainViewController.swift */,
				1BD51AC5239D73130066D5BB /* LocationCarouselController.swift */,
				1B755AA523A3E1B900432411 /* MapKit+extension.swift */,
			);
			path = Main;
			sourceTree = "<group>";
		};
/* End PBXGroup section */

/* Begin PBXNativeTarget section */
		1BD51AA72396CFC90066D5BB /* GymateTest */ = {
			isa = PBXNativeTarget;
			buildConfigurationList = 1BD51ABC2396CFD60066D5BB /* Build configuration list for PBXNativeTarget "GymateTest" */;
			buildPhases = (
				1BD51AA42396CFC90066D5BB /* Sources */,
				1BD51AA52396CFC90066D5BB /* Frameworks */,
				1BD51AA62396CFC90066D5BB /* Resources */,
			);
			buildRules = (
			);
			dependencies = (
			);
			name = GymateTest;
			packageProductDependencies = (
				1BD51AC32396E2CA0066D5BB /* LBTATools */,
			);
			productName = GymateTest;
			productReference = 1BD51AA82396CFC90066D5BB /* GymateTest.app */;
			productType = "com.apple.product-type.application";
		};
/* End PBXNativeTarget section */

/* Begin PBXProject section */
		1BD51AA02396CFC90066D5BB /* Project object */ = {
			isa = PBXProject;
			attributes = {
				LastSwiftUpdateCheck = 1120;
				LastUpgradeCheck = 1120;
				ORGANIZATIONNAME = "twisted echo";
				TargetAttributes = {
					1BD51AA72396CFC90066D5BB = {
						CreatedOnToolsVersion = 11.2.1;
					};
				};
			};
			buildConfigurationList = 1BD51AA32396CFC90066D5BB /* Build configuration list for PBXProject "GymateTest" */;
			compatibilityVersion = "Xcode 9.3";
			developmentRegion = en;
			hasScannedForEncodings = 0;
			knownRegions = (
				en,
				Base,
			);
			mainGroup = 1BD51A9F2396CFC90066D5BB;
			packageReferences = (
				1BD51AC22396E2CA0066D5BB /* XCRemoteSwiftPackageReference "LBTATools" */,
			);
			productRefGroup = 1BD51AA92396CFC90066D5BB /* Products */;
			projectDirPath = "";
			projectRoot = "";
			targets = (
				1BD51AA72396CFC90066D5BB /* GymateTest */,
			);
		};
/* End PBXProject section */

/* Begin PBXResourcesBuildPhase section */
		1BD51AA62396CFC90066D5BB /* Resources */ = {
			isa = PBXResourcesBuildPhase;
			buildActionMask = 2147483647;
			files = (
				1BD51AB82396CFD60066D5BB /* LaunchScreen.storyboard in Resources */,
				1BD51AB52396CFD60066D5BB /* Preview Assets.xcassets in Resources */,
				1BD51AB22396CFD60066D5BB /* Assets.xcassets in Resources */,
			);
			runOnlyForDeploymentPostprocessing = 0;
		};
/* End PBXResourcesBuildPhase section */

/* Begin PBXSourcesBuildPhase section */
		1BD51AA42396CFC90066D5BB /* Sources */ = {
			isa = PBXSourcesBuildPhase;
			buildActionMask = 2147483647;
			files = (
				1BD51AAC2396CFC90066D5BB /* AppDelegate.swift in Sources */,
				1BD51AAE2396CFC90066D5BB /* SceneDelegate.swift in Sources */,
				1BD51AB02396CFC90066D5BB /* ContentView.swift in Sources */,
				1B755AA623A3E1B900432411 /* MapKit+extension.swift in Sources */,
				1BD51AC12396E06F0066D5BB /* MainViewController.swift in Sources */,
				1BD51AC6239D73130066D5BB /* LocationCarouselController.swift in Sources */,
			);
			runOnlyForDeploymentPostprocessing = 0;
		};
/* End PBXSourcesBuildPhase section */

/* Begin PBXVariantGroup section */
		1BD51AB62396CFD60066D5BB /* LaunchScreen.storyboard */ = {
			isa = PBXVariantGroup;
			children = (
				1BD51AB72396CFD60066D5BB /* Base */,
			);
			name = LaunchScreen.storyboard;
			sourceTree = "<group>";
		};
/* End PBXVariantGroup section */

/* Begin XCBuildConfiguration section */
		1BD51ABA2396CFD60066D5BB /* Debug */ = {
			isa = XCBuildConfiguration;
			buildSettings = {
				ALWAYS_SEARCH_USER_PATHS = NO;
				CLANG_ANALYZER_NONNULL = YES;
				CLANG_ANALYZER_NUMBER_OBJECT_CONVERSION = YES_AGGRESSIVE;
				CLANG_CXX_LANGUAGE_STANDARD = "gnu++14";
				CLANG_CXX_LIBRARY = "libc++";
				CLANG_ENABLE_MODULES = YES;
				CLANG_ENABLE_OBJC_ARC = YES;
				CLANG_ENABLE_OBJC_WEAK = YES;
				CLANG_WARN_BLOCK_CAPTURE_AUTORELEASING = YES;
				CLANG_WARN_BOOL_CONVERSION = YES;
				CLANG_WARN_COMMA = YES;
				CLANG_WARN_CONSTANT_CONVERSION = YES;
				CLANG_WARN_DEPRECATED_OBJC_IMPLEMENTATIONS = YES;
				CLANG_WARN_DIRECT_OBJC_ISA_USAGE = YES_ERROR;
				CLANG_WARN_DOCUMENTATION_COMMENTS = YES;
				CLANG_WARN_EMPTY_BODY = YES;
				CLANG_WARN_ENUM_CONVERSION = YES;
				CLANG_WARN_INFINITE_RECURSION = YES;
				CLANG_WARN_INT_CONVERSION = YES;
				CLANG_WARN_NON_LITERAL_NULL_CONVERSION = YES;
				CLANG_WARN_OBJC_IMPLICIT_RETAIN_SELF = YES;
				CLANG_WARN_OBJC_LITERAL_CONVERSION = YES;
				CLANG_WARN_OBJC_ROOT_CLASS = YES_ERROR;
				CLANG_WARN_RANGE_LOOP_ANALYSIS = YES;
				CLANG_WARN_STRICT_PROTOTYPES = YES;
				CLANG_WARN_SUSPICIOUS_MOVE = YES;
				CLANG_WARN_UNGUARDED_AVAILABILITY = YES_AGGRESSIVE;
				CLANG_WARN_UNREACHABLE_CODE = YES;
				CLANG_WARN__DUPLICATE_METHOD_MATCH = YES;
				COPY_PHASE_STRIP = NO;
				DEBUG_INFORMATION_FORMAT = dwarf;
				ENABLE_STRICT_OBJC_MSGSEND = YES;
				ENABLE_TESTABILITY = YES;
				GCC_C_LANGUAGE_STANDARD = gnu11;
				GCC_DYNAMIC_NO_PIC = NO;
				GCC_NO_COMMON_BLOCKS = YES;
				GCC_OPTIMIZATION_LEVEL = 0;
				GCC_PREPROCESSOR_DEFINITIONS = (
					"DEBUG=1",
					"$(inherited)",
				);
				GCC_WARN_64_TO_32_BIT_CONVERSION = YES;
				GCC_WARN_ABOUT_RETURN_TYPE = YES_ERROR;
				GCC_WARN_UNDECLARED_SELECTOR = YES;
				GCC_WARN_UNINITIALIZED_AUTOS = YES_AGGRESSIVE;
				GCC_WARN_UNUSED_FUNCTION = YES;
				GCC_WARN_UNUSED_VARIABLE = YES;
				IPHONEOS_DEPLOYMENT_TARGET = 13.2;
				MTL_ENABLE_DEBUG_INFO = INCLUDE_SOURCE;
				MTL_FAST_MATH = YES;
				ONLY_ACTIVE_ARCH = YES;
				SDKROOT = iphoneos;
				SWIFT_ACTIVE_COMPILATION_CONDITIONS = DEBUG;
				SWIFT_OPTIMIZATION_LEVEL = "-Onone";
			};
			name = Debug;
		};
		1BD51ABB2396CFD60066D5BB /* Release */ = {
			isa = XCBuildConfiguration;
			buildSettings = {
				ALWAYS_SEARCH_USER_PATHS = NO;
				CLANG_ANALYZER_NONNULL = YES;
				CLANG_ANALYZER_NUMBER_OBJECT_CONVERSION = YES_AGGRESSIVE;
				CLANG_CXX_LANGUAGE_STANDARD = "gnu++14";
				CLANG_CXX_LIBRARY = "libc++";
				CLANG_ENABLE_MODULES = YES;
				CLANG_ENABLE_OBJC_ARC = YES;
				CLANG_ENABLE_OBJC_WEAK = YES;
				CLANG_WARN_BLOCK_CAPTURE_AUTORELEASING = YES;
				CLANG_WARN_BOOL_CONVERSION = YES;
				CLANG_WARN_COMMA = YES;
				CLANG_WARN_CONSTANT_CONVERSION = YES;
				CLANG_WARN_DEPRECATED_OBJC_IMPLEMENTATIONS = YES;
				CLANG_WARN_DIRECT_OBJC_ISA_USAGE = YES_ERROR;
				CLANG_WARN_DOCUMENTATION_COMMENTS = YES;
				CLANG_WARN_EMPTY_BODY = YES;
				CLANG_WARN_ENUM_CONVERSION = YES;
				CLANG_WARN_INFINITE_RECURSION = YES;
				CLANG_WARN_INT_CONVERSION = YES;
				CLANG_WARN_NON_LITERAL_NULL_CONVERSION = YES;
				CLANG_WARN_OBJC_IMPLICIT_RETAIN_SELF = YES;
				CLANG_WARN_OBJC_LITERAL_CONVERSION = YES;
				CLANG_WARN_OBJC_ROOT_CLASS = YES_ERROR;
				CLANG_WARN_RANGE_LOOP_ANALYSIS = YES;
				CLANG_WARN_STRICT_PROTOTYPES = YES;
				CLANG_WARN_SUSPICIOUS_MOVE = YES;
				CLANG_WARN_UNGUARDED_AVAILABILITY = YES_AGGRESSIVE;
				CLANG_WARN_UNREACHABLE_CODE = YES;
				CLANG_WARN__DUPLICATE_METHOD_MATCH = YES;
				COPY_PHASE_STRIP = NO;
				DEBUG_INFORMATION_FORMAT = "dwarf-with-dsym";
				ENABLE_NS_ASSERTIONS = NO;
				ENABLE_STRICT_OBJC_MSGSEND = YES;
				GCC_C_LANGUAGE_STANDARD = gnu11;
				GCC_NO_COMMON_BLOCKS = YES;
				GCC_WARN_64_TO_32_BIT_CONVERSION = YES;
				GCC_WARN_ABOUT_RETURN_TYPE = YES_ERROR;
				GCC_WARN_UNDECLARED_SELECTOR = YES;
				GCC_WARN_UNINITIALIZED_AUTOS = YES_AGGRESSIVE;
				GCC_WARN_UNUSED_FUNCTION = YES;
				GCC_WARN_UNUSED_VARIABLE = YES;
				IPHONEOS_DEPLOYMENT_TARGET = 13.2;
				MTL_ENABLE_DEBUG_INFO = NO;
				MTL_FAST_MATH = YES;
				SDKROOT = iphoneos;
				SWIFT_COMPILATION_MODE = wholemodule;
				SWIFT_OPTIMIZATION_LEVEL = "-O";
				VALIDATE_PRODUCT = YES;
			};
			name = Release;
		};
		1BD51ABD2396CFD60066D5BB /* Debug */ = {
			isa = XCBuildConfiguration;
			buildSettings = {
				ASSETCATALOG_COMPILER_APPICON_NAME = AppIcon;
				CODE_SIGN_STYLE = Automatic;
				DEVELOPMENT_ASSET_PATHS = "\"GymateTest/Preview Content\"";
				DEVELOPMENT_TEAM = UMQAGMF379;
				ENABLE_PREVIEWS = YES;
				INFOPLIST_FILE = GymateTest/Info.plist;
				LD_RUNPATH_SEARCH_PATHS = (
					"$(inherited)",
					"@executable_path/Frameworks",
				);
				PRODUCT_BUNDLE_IDENTIFIER = com.twisted.GymateTest;
				PRODUCT_NAME = "$(TARGET_NAME)";
				SWIFT_VERSION = 5.0;
				TARGETED_DEVICE_FAMILY = "1,2";
			};
			name = Debug;
		};
		1BD51ABE2396CFD60066D5BB /* Release */ = {
			isa = XCBuildConfiguration;
			buildSettings = {
				ASSETCATALOG_COMPILER_APPICON_NAME = AppIcon;
				CODE_SIGN_STYLE = Automatic;
				DEVELOPMENT_ASSET_PATHS = "\"GymateTest/Preview Content\"";
				DEVELOPMENT_TEAM = UMQAGMF379;
				ENABLE_PREVIEWS = YES;
				INFOPLIST_FILE = GymateTest/Info.plist;
				LD_RUNPATH_SEARCH_PATHS = (
					"$(inherited)",
					"@executable_path/Frameworks",
				);
				PRODUCT_BUNDLE_IDENTIFIER = com.twisted.GymateTest;
				PRODUCT_NAME = "$(TARGET_NAME)";
				SWIFT_VERSION = 5.0;
				TARGETED_DEVICE_FAMILY = "1,2";
			};
			name = Release;
		};
/* End XCBuildConfiguration section */

/* Begin XCConfigurationList section */
		1BD51AA32396CFC90066D5BB /* Build configuration list for PBXProject "GymateTest" */ = {
			isa = XCConfigurationList;
			buildConfigurations = (
				1BD51ABA2396CFD60066D5BB /* Debug */,
				1BD51ABB2396CFD60066D5BB /* Release */,
			);
			defaultConfigurationIsVisible = 0;
			defaultConfigurationName = Release;
		};
		1BD51ABC2396CFD60066D5BB /* Build configuration list for PBXNativeTarget "GymateTest" */ = {
			isa = XCConfigurationList;
			buildConfigurations = (
				1BD51ABD2396CFD60066D5BB /* Debug */,
				1BD51ABE2396CFD60066D5BB /* Release */,
			);
			defaultConfigurationIsVisible = 0;
			defaultConfigurationName = Release;
		};
/* End XCConfigurationList section */

/* Begin XCRemoteSwiftPackageReference section */
		1BD51AC22396E2CA0066D5BB /* XCRemoteSwiftPackageReference "LBTATools" */ = {
			isa = XCRemoteSwiftPackageReference;
			repositoryURL = "https://github.com/bhlvoong/LBTATools";
			requirement = {
				kind = upToNextMajorVersion;
				minimumVersion = 1.0.16;
			};
		};
/* End XCRemoteSwiftPackageReference section */

/* Begin XCSwiftPackageProductDependency section */
		1BD51AC32396E2CA0066D5BB /* LBTATools */ = {
			isa = XCSwiftPackageProductDependency;
			package = 1BD51AC22396E2CA0066D5BB /* XCRemoteSwiftPackageReference "LBTATools" */;
			productName = LBTATools;
		};
/* End XCSwiftPackageProductDependency section */
	};
	rootObject = 1BD51AA02396CFC90066D5BB /* Project object */;
}
